
Microsoft Visual Studio Solution File, Format Version 12.00
# Visual Studio Version 16
VisualStudioVersion = 16.0.29424.173
MinimumVisualStudioVersion = 10.0.40219.1
Project("{9A19103F-16F7-4668-BE54-9A1E7A4F7556}") = "DotNetSnake", "DotNetSnake\DotNetSnake.csproj", "{5F475B36-6348-454A-BB02-AF061F091CB6}"
EndProject
Project("{FAE04EC0-301F-11D3-BF4B-00C04F79EFBC}") = "DotNetTest", "DotNetTest\DotNetTest.csproj", "{5E28E90D-49FD-41C6-8B2B-BDDEC260E35D}"
EndProject
Project("{FAE04EC0-301F-11D3-BF4B-00C04F79EFBC}") = "NUnitTestProject1", "NUnitTestProject1\NUnitTestProject1.csproj", "{F57C5576-0507-4735-8343-5F58D7008313}"
EndProject
Global
	GlobalSection(SolutionConfigurationPlatforms) = preSolution
		Debug|Any CPU = Debug|Any CPU
		Release|Any CPU = Release|Any CPU
	EndGlobalSection
	GlobalSection(ProjectConfigurationPlatforms) = postSolution
		{5F475B36-6348-454A-BB02-AF061F091CB6}.Debug|Any CPU.ActiveCfg = Debug|Any CPU
		{5F475B36-6348-454A-BB02-AF061F091CB6}.Debug|Any CPU.Build.0 = Debug|Any CPU
		{5F475B36-6348-454A-BB02-AF061F091CB6}.Release|Any CPU.ActiveCfg = Release|Any CPU
		{5F475B36-6348-454A-BB02-AF061F091CB6}.Release|Any CPU.Build.0 = Release|Any CPU
		{5E28E90D-49FD-41C6-8B2B-BDDEC260E35D}.Debug|Any CPU.ActiveCfg = Debug|Any CPU
		{5E28E90D-49FD-41C6-8B2B-BDDEC260E35D}.Debug|Any CPU.Build.0 = Debug|Any CPU
		{5E28E90D-49FD-41C6-8B2B-BDDEC260E35D}.Release|Any CPU.ActiveCfg = Release|Any CPU
		{5E28E90D-49FD-41C6-8B2B-BDDEC260E35D}.Release|Any CPU.Build.0 = Release|Any CPU
		{F57C5576-0507-4735-8343-5F58D7008313}.Debug|Any CPU.ActiveCfg = Debug|Any CPU
		{F57C5576-0507-4735-8343-5F58D7008313}.Debug|Any CPU.Build.0 = Debug|Any CPU
		{F57C5576-0507-4735-8343-5F58D7008313}.Release|Any CPU.ActiveCfg = Release|Any CPU
		{F57C5576-0507-4735-8343-5F58D7008313}.Release|Any CPU.Build.0 = Release|Any CPU
	EndGlobalSection
	GlobalSection(SolutionProperties) = preSolution
		HideSolutionNode = FALSE
	EndGlobalSection
	GlobalSection(ExtensibilityGlobals) = postSolution
		SolutionGuid = {1F5BBB97-1025-4318-9D88-9A52B8DED25A}
	EndGlobalSection
EndGlobal
